
Microsoft Visual Studio Solution File, Format Version 12.00
# Visual Studio Version 17
VisualStudioVersion = 17.9.34723.18
MinimumVisualStudioVersion = 10.0.40219.1
Project("{2150E333-8FDC-42A3-9474-1A3956D46DE8}") = "Solution Items", "Solution Items", "{7DF3B169-6618-4AE8-B734-EAC6C5B72E24}"
	ProjectSection(SolutionItems) = preProject
		.gitignore = .gitignore
		LICENSE = LICENSE
		README.md = README.md
	EndProjectSection
EndProject
Project("{9A19103F-16F7-4668-BE54-9A1E7A4F7556}") = "SeasonPass.Core", "src\SeasonPass.Core\SeasonPass.Core.csproj", "{F8BDEE83-74B8-478F-BE4A-25F83E539279}"
EndProject
Project("{9A19103F-16F7-4668-BE54-9A1E7A4F7556}") = "SeasonPass.Module.SkiResorts", "src\Modules\SeasonPass.Module.SkiResorts\SeasonPass.Module.SkiResorts.csproj", "{2C08F8F5-1020-41BA-B1B2-62F83A00F971}"
EndProject
Project("{9A19103F-16F7-4668-BE54-9A1E7A4F7556}") = "SeasonPass.Module.Common", "src\Modules\SeasonPass.Module.Common\SeasonPass.Module.Common.csproj", "{16053CB2-CF57-4191-B66F-1B998F9AA1D6}"
EndProject
Project("{9A19103F-16F7-4668-BE54-9A1E7A4F7556}") = "SeasonPass.Module.Postgres", "src\modules\SeasonPass.Module.Postgres\SeasonPass.Module.Postgres.csproj", "{8FD1DF94-956D-4AFA-BEA4-63F1A38A971B}"
EndProject
Project("{9A19103F-16F7-4668-BE54-9A1E7A4F7556}") = "SeasonPass.Api", "src\SeasonPass.Api\SeasonPass.Api.csproj", "{446067B0-D88B-4528-8D61-6216C3F7AFD4}"
EndProject
Project("{54A90642-561A-4BB1-A94E-469ADEE60C69}") = "SeasonPass.Web", "src\SeasonPass.Web\SeasonPass.Web.esproj", "{F4FA7FA2-57C4-48A3-8CC5-E6E5A674F839}"
	ProjectSection(ProjectDependencies) = postProject
		{90B23918-D856-4FF3-A78A-945EFC254CDB} = {90B23918-D856-4FF3-A78A-945EFC254CDB}
	EndProjectSection
EndProject
Project("{9A19103F-16F7-4668-BE54-9A1E7A4F7556}") = "SeasonPass.Module.Typings", "src\Modules\SeasonPass.Module.Typings\SeasonPass.Module.Typings.csproj", "{90B23918-D856-4FF3-A78A-945EFC254CDB}"
EndProject
Global
	GlobalSection(SolutionConfigurationPlatforms) = preSolution
		Debug|Any CPU = Debug|Any CPU
		Release|Any CPU = Release|Any CPU
	EndGlobalSection
	GlobalSection(ProjectConfigurationPlatforms) = postSolution
		{F8BDEE83-74B8-478F-BE4A-25F83E539279}.Debug|Any CPU.ActiveCfg = Debug|Any CPU
		{F8BDEE83-74B8-478F-BE4A-25F83E539279}.Debug|Any CPU.Build.0 = Debug|Any CPU
		{F8BDEE83-74B8-478F-BE4A-25F83E539279}.Release|Any CPU.ActiveCfg = Release|Any CPU
		{F8BDEE83-74B8-478F-BE4A-25F83E539279}.Release|Any CPU.Build.0 = Release|Any CPU
		{2C08F8F5-1020-41BA-B1B2-62F83A00F971}.Debug|Any CPU.ActiveCfg = Debug|Any CPU
		{2C08F8F5-1020-41BA-B1B2-62F83A00F971}.Debug|Any CPU.Build.0 = Debug|Any CPU
		{2C08F8F5-1020-41BA-B1B2-62F83A00F971}.Release|Any CPU.ActiveCfg = Release|Any CPU
		{2C08F8F5-1020-41BA-B1B2-62F83A00F971}.Release|Any CPU.Build.0 = Release|Any CPU
		{16053CB2-CF57-4191-B66F-1B998F9AA1D6}.Debug|Any CPU.ActiveCfg = Debug|Any CPU
		{16053CB2-CF57-4191-B66F-1B998F9AA1D6}.Debug|Any CPU.Build.0 = Debug|Any CPU
		{16053CB2-CF57-4191-B66F-1B998F9AA1D6}.Release|Any CPU.ActiveCfg = Release|Any CPU
		{16053CB2-CF57-4191-B66F-1B998F9AA1D6}.Release|Any CPU.Build.0 = Release|Any CPU
		{8FD1DF94-956D-4AFA-BEA4-63F1A38A971B}.Debug|Any CPU.ActiveCfg = Debug|Any CPU
		{8FD1DF94-956D-4AFA-BEA4-63F1A38A971B}.Debug|Any CPU.Build.0 = Debug|Any CPU
		{8FD1DF94-956D-4AFA-BEA4-63F1A38A971B}.Release|Any CPU.ActiveCfg = Release|Any CPU
		{8FD1DF94-956D-4AFA-BEA4-63F1A38A971B}.Release|Any CPU.Build.0 = Release|Any CPU
		{446067B0-D88B-4528-8D61-6216C3F7AFD4}.Debug|Any CPU.ActiveCfg = Debug|Any CPU
		{446067B0-D88B-4528-8D61-6216C3F7AFD4}.Debug|Any CPU.Build.0 = Debug|Any CPU
		{446067B0-D88B-4528-8D61-6216C3F7AFD4}.Release|Any CPU.ActiveCfg = Release|Any CPU
		{446067B0-D88B-4528-8D61-6216C3F7AFD4}.Release|Any CPU.Build.0 = Release|Any CPU
		{F4FA7FA2-57C4-48A3-8CC5-E6E5A674F839}.Debug|Any CPU.ActiveCfg = Debug|Any CPU
		{F4FA7FA2-57C4-48A3-8CC5-E6E5A674F839}.Debug|Any CPU.Build.0 = Debug|Any CPU
		{F4FA7FA2-57C4-48A3-8CC5-E6E5A674F839}.Debug|Any CPU.Deploy.0 = Debug|Any CPU
		{F4FA7FA2-57C4-48A3-8CC5-E6E5A674F839}.Release|Any CPU.ActiveCfg = Release|Any CPU
		{F4FA7FA2-57C4-48A3-8CC5-E6E5A674F839}.Release|Any CPU.Build.0 = Release|Any CPU
		{F4FA7FA2-57C4-48A3-8CC5-E6E5A674F839}.Release|Any CPU.Deploy.0 = Release|Any CPU
		{90B23918-D856-4FF3-A78A-945EFC254CDB}.Debug|Any CPU.ActiveCfg = Debug|Any CPU
		{90B23918-D856-4FF3-A78A-945EFC254CDB}.Debug|Any CPU.Build.0 = Debug|Any CPU
		{90B23918-D856-4FF3-A78A-945EFC254CDB}.Release|Any CPU.ActiveCfg = Release|Any CPU
		{90B23918-D856-4FF3-A78A-945EFC254CDB}.Release|Any CPU.Build.0 = Release|Any CPU
	EndGlobalSection
	GlobalSection(SolutionProperties) = preSolution
		HideSolutionNode = FALSE
	EndGlobalSection
	GlobalSection(ExtensibilityGlobals) = postSolution
		SolutionGuid = {67C32E51-C13E-46C8-8C21-C05178D48CCD}
	EndGlobalSection
EndGlobal
